
Microsoft Visual Studio Solution File, Format Version 12.00
# Visual Studio Version 16
VisualStudioVersion = 16.0.31025.194
MinimumVisualStudioVersion = 10.0.40219.1
Project("{FAE04EC0-301F-11D3-BF4B-00C04F79EFBC}") = "Entidades", "Entidades\Entidades.csproj", "{10086152-F7BE-4B4A-925E-5E2FA1EBFC75}"
EndProject
Global
	GlobalSection(SolutionConfigurationPlatforms) = preSolution
		Debug|Any CPU = Debug|Any CPU
		Release|Any CPU = Release|Any CPU
	EndGlobalSection
	GlobalSection(ProjectConfigurationPlatforms) = postSolution
		{10086152-F7BE-4B4A-925E-5E2FA1EBFC75}.Debug|Any CPU.ActiveCfg = Debug|Any CPU
		{10086152-F7BE-4B4A-925E-5E2FA1EBFC75}.Debug|Any CPU.Build.0 = Debug|Any CPU
		{10086152-F7BE-4B4A-925E-5E2FA1EBFC75}.Release|Any CPU.ActiveCfg = Release|Any CPU
		{10086152-F7BE-4B4A-925E-5E2FA1EBFC75}.Release|Any CPU.Build.0 = Release|Any CPU
	EndGlobalSection
	GlobalSection(SolutionProperties) = preSolution
		HideSolutionNode = FALSE
	EndGlobalSection
	GlobalSection(ExtensibilityGlobals) = postSolution
		SolutionGuid = {7E89F304-0395-4247-9A10-71BF1AFB413B}
	EndGlobalSection
EndGlobal
